# Code generated by scarb DO NOT EDIT.
version = 1

[[package]]
name = "bn"
version = "0.1.0"

[[package]]
name = "bn_ate_loop"
version = "0.1.0"

[[package]]
name = "bn_contracts"
version = "0.1.0"
dependencies = [
 "bn",
]

[[package]]
name = "fast_mod"
version = "0.1.0"

[[package]]
name = "fq_types"
version = "0.1.0"

[[package]]
name = "pairing"
version = "0.1.0"
