# Code generated by scarb DO NOT EDIT.
version = 1

[[package]]
name = "bn254_u256"
version = "0.1.0"
dependencies = [
 "bn_ate_loop",
 "ec_groups",
 "fast_mod",
 "fq_types",
 "pairing",
 "schwartz_zippel",
]

[[package]]
name = "bn254_u256_contract"
version = "0.1.0"
dependencies = [
 "bn254_u256",
]

[[package]]
name = "bn_ate_loop"
version = "0.1.0"
dependencies = [
 "ec_groups",
 "fq_types",
 "schwartz_zippel",
]

[[package]]
name = "circuits"
version = "0.1.0"

[[package]]
name = "ec_groups"
version = "0.1.0"
dependencies = [
 "bn_ate_loop",
 "fq_types",
 "pairing",
]

[[package]]
name = "fast_mod"
version = "0.1.0"

[[package]]
name = "fq_types"
version = "0.1.0"

[[package]]
name = "pairing"
version = "0.1.0"
dependencies = [
 "ec_groups",
 "fq_types",
]

[[package]]
name = "schwartz_zippel"
version = "0.1.0"
dependencies = [
 "fq_types",
 "pairing",
]
